{
  "name": "example_auth",
  "version": "1.0.0",
  "lockfileVersion": 1,
  "requires": true,
  "dependencies": {
    "doctrine": {
      "version": "0.7.2",
      "resolved": "https://registry.npmjs.org/doctrine/-/doctrine-0.7.2.tgz",
      "integrity": "sha1-fLhgNZujvpDgQLJrcpzkv6ZUxSM=",
      "requires": {
        "esutils": "1.1.6",
        "isarray": "0.0.1"
      }
    },
    "esutils": {
      "version": "1.1.6",
      "resolved": "https://registry.npmjs.org/esutils/-/esutils-1.1.6.tgz",
      "integrity": "sha1-wBzKqa5LiXxtDD4hCuUvPHqEQ3U="
    },
    "isarray": {
      "version": "0.0.1",
      "resolved": "https://registry.npmjs.org/isarray/-/isarray-0.0.1.tgz",
      "integrity": "sha1-ihis/Kmo9Bd+Cav8YDiTmwXR7t8="
    },
    "tslib": {
      "version": "1.9.0",
      "resolved": "https://registry.npmjs.org/tslib/-/tslib-1.9.0.tgz",
      "integrity": "sha512-f/qGG2tUkrISBlQZEjEqoZ3B2+npJjIf04H1wuAv9iA8i04Icp+61KRXxFdha22670NJopsZCIjhC3SnjPRKrQ=="
    },
    "tslint-config-airbnb": {
      "version": "5.4.2",
      "resolved": "https://registry.npmjs.org/tslint-config-airbnb/-/tslint-config-airbnb-5.4.2.tgz",
      "integrity": "sha1-GO7/KPaXtXhzEknZo++JVbLwT0Q=",
      "requires": {
        "tslint-consistent-codestyle": "1.11.0",
        "tslint-eslint-rules": "4.1.1",
        "tslint-microsoft-contrib": "5.0.2"
      }
    },
    "tslint-config-prettier": {
      "version": "1.6.0",
      "resolved": "https://registry.npmjs.org/tslint-config-prettier/-/tslint-config-prettier-1.6.0.tgz",
      "integrity": "sha512-39xsbQGnv20r0iraRNR/tlIaW4Fk2rj6mTk+V1r0TV1NztFfP0WTFKYP7JDq91w+wsfEfMNqWG4GPA6FjpDZEA==",
      "dev": true
    },
    "tslint-consistent-codestyle": {
      "version": "1.11.0",
      "resolved": "https://registry.npmjs.org/tslint-consistent-codestyle/-/tslint-consistent-codestyle-1.11.0.tgz",
      "integrity": "sha512-8vXW3UiM6SF68KQ9rjiyhpRV3B5VzVRCUaZsdArbS3sWSV57yqRt2OoQoJGcodMxeh5lOCTaT82UKbNHv86KCA==",
      "requires": {
        "tslib": "1.9.0",
        "tsutils": "2.19.1"
      }
    },
    "tslint-eslint-rules": {
      "version": "4.1.1",
      "resolved": "https://registry.npmjs.org/tslint-eslint-rules/-/tslint-eslint-rules-4.1.1.tgz",
      "integrity": "sha1-fDDniC8mvCdr/5HSOEl1xp2viLo=",
      "requires": {
        "doctrine": "0.7.2",
        "tslib": "1.9.0",
        "tsutils": "1.9.1"
      },
      "dependencies": {
        "tsutils": {
          "version": "1.9.1",
          "resolved": "https://registry.npmjs.org/tsutils/-/tsutils-1.9.1.tgz",
          "integrity": "sha1-ufmrROVa+WgYMdXyjQrur1x1DLA="
        }
      }
    },
    "tslint-microsoft-contrib": {
      "version": "5.0.2",
      "resolved": "https://registry.npmjs.org/tslint-microsoft-contrib/-/tslint-microsoft-contrib-5.0.2.tgz",
      "integrity": "sha1-7MKnl/d3oS8AZpRM7AyBqefFnuk=",
      "requires": {
        "tsutils": "2.19.1"
      }
    },
    "tsutils": {
      "version": "2.19.1",
      "resolved": "https://registry.npmjs.org/tsutils/-/tsutils-2.19.1.tgz",
      "integrity": "sha512-1B3z4H4HddgzWptqLzwrJloDEsyBt8DvZhnFO14k7A4RsQL/UhEfQjD4hpcY5NpF3veBkjJhQJ8Bl7Xp96cN+A==",
      "requires": {
        "tslib": "1.9.0"
      }
    }
  }
}
